<?xml version="1.0" encoding="utf-8"?>
<Project ToolsVersion="4.0" xmlns="http://schemas.microsoft.com/developer/msbuild/2003">
  <ItemGroup>
    <ClCompile Include="Source\Log.cpp">
      <Filter>Utils</Filter>
    </ClCompile>
    <ClCompile Include="Source\External\PugiXml\src\pugixml.cpp">
      <Filter>External\PugiXml</Filter>
    </ClCompile>
    <ClCompile Include="Source\Timer.cpp">
      <Filter>Utils</Filter>
    </ClCompile>
    <ClCompile Include="Source\PerfTimer.cpp">
      <Filter>Utils</Filter>
    </ClCompile>
    <ClCompile Include="Source\Window.cpp">
      <Filter>General</Filter>
    </ClCompile>
    <ClCompile Include="Source\Textures.cpp">
      <Filter>General</Filter>
    </ClCompile>
    <ClCompile Include="Source\Render.cpp">
      <Filter>General</Filter>
    </ClCompile>
    <ClCompile Include="Source\Main.cpp">
      <Filter>General</Filter>
    </ClCompile>
    <ClCompile Include="Source\Input.cpp">
      <Filter>General</Filter>
    </ClCompile>
    <ClCompile Include="Source\Audio.cpp">
      <Filter>General</Filter>
    </ClCompile>
    <ClCompile Include="Source\App.cpp">
      <Filter>General</Filter>
    </ClCompile>
    <ClCompile Include="Source\Particle.cpp">
      <Filter>Utils</Filter>
    </ClCompile>
    <ClCompile Include="Source\GuiManager.cpp">
      <Filter>General</Filter>
    </ClCompile>
    <ClCompile Include="Source\GuiButton.cpp">
      <Filter>General</Filter>
    </ClCompile>
    <ClCompile Include="Source\GuiCheckbox.cpp">
      <Filter>General</Filter>
    </ClCompile>
    <ClCompile Include="Source\GuiSlider.cpp">
      <Filter>General</Filter>
    </ClCompile>
    <ClCompile Include="Source\EntityManager.cpp">
      <Filter>General\Entities</Filter>
    </ClCompile>
    <ClCompile Include="Source\Entity.cpp">
      <Filter>General\Entities</Filter>
    </ClCompile>
    <ClCompile Include="Source\Collider.cpp">
      <Filter>General</Filter>
    </ClCompile>
    <ClCompile Include="Source\ModuleCollisions.cpp">
      <Filter>General</Filter>
    </ClCompile>
    <ClCompile Include="Source\ModuleFadeToBlack.cpp">
      <Filter>General</Filter>
    </ClCompile>
    <ClCompile Include="Source\ModuleFonts.cpp">
      <Filter>General</Filter>
    </ClCompile>
    <ClCompile Include="Source\ModuleParticles.cpp">
      <Filter>General</Filter>
    </ClCompile>
    <ClCompile Include="Source\ModulePhysics.cpp">
      <Filter>General</Filter>
    </ClCompile>
    <ClCompile Include="Source\Pathfinding.cpp">
      <Filter>General</Filter>
    </ClCompile>
    <ClCompile Include="Source\GamepadInput.cpp">
      <Filter>General</Filter>
    </ClCompile>
    <ClCompile Include="Source\GameManager.cpp">
      <Filter>General</Filter>
    </ClCompile>
    <ClCompile Include="Source\Zombie_Standart.cpp">
      <Filter>General\Entities\Enemies</Filter>
    </ClCompile>
    <ClCompile Include="Source\NPCs.cpp">
      <Filter>General\Entities\NPCS</Filter>
    </ClCompile>
    <ClCompile Include="Source\Dialog.cpp">
      <Filter>General</Filter>
    </ClCompile>
    <ClCompile Include="Source\DialogNode.cpp">
      <Filter>General</Filter>
    </ClCompile>
    <ClCompile Include="Source\Zombie_Runner.cpp">
      <Filter>General\Entities\Enemies</Filter>
    </ClCompile>
    <ClCompile Include="Source\Zombie_Spitter.cpp">
      <Filter>General\Entities\Enemies</Filter>
    </ClCompile>
    <ClCompile Include="Source\DialogManager.cpp">
      <Filter>General\Dialog</Filter>
    </ClCompile>
    <ClCompile Include="Source\NPCs2.cpp">
      <Filter>General\Entities\NPCS</Filter>
    </ClCompile>
    <ClCompile Include="Source\NPCs3.cpp">
      <Filter>General\Entities\NPCS</Filter>
    </ClCompile>
    <ClCompile Include="Source\NPCs4.cpp">
      <Filter>General\Entities\NPCS</Filter>
    </ClCompile>
    <ClCompile Include="Source\Object_Food.cpp">
      <Filter>General\Entities\Items</Filter>
    </ClCompile>
    <ClCompile Include="Source\Object_HealthPack.cpp">
      <Filter>General\Entities\Items</Filter>
    </ClCompile>
    <ClCompile Include="Source\CombatMenu.cpp">
      <Filter>General\Menus</Filter>
    </ClCompile>
    <ClCompile Include="Source\InventoryMenu.cpp">
      <Filter>General\Menus</Filter>
    </ClCompile>
    <ClCompile Include="Source\PauseMenu.cpp">
      <Filter>General\Menus</Filter>
    </ClCompile>
    <ClCompile Include="Source\CreditsScreen.cpp">
      <Filter>General\Scenes and Maps\Scenes</Filter>
    </ClCompile>
    <ClCompile Include="Source\LogoScreen.cpp">
      <Filter>General\Scenes and Maps\Scenes</Filter>
    </ClCompile>
    <ClCompile Include="Source\TitleScreen.cpp">
      <Filter>General\Scenes and Maps\Scenes</Filter>
    </ClCompile>
    <ClCompile Include="Source\SceneMainMap.cpp">
      <Filter>General\Scenes and Maps\Maps</Filter>
    </ClCompile>
    <ClCompile Include="Source\SceneCave.cpp">
      <Filter>General\Scenes and Maps\Maps</Filter>
    </ClCompile>
    <ClCompile Include="Source\SceneBase.cpp">
      <Filter>General\Scenes and Maps\Maps</Filter>
    </ClCompile>
    <ClCompile Include="Source\ModulePlayer.cpp">
      <Filter>General\Entities\Player</Filter>
    </ClCompile>
    <ClCompile Include="Source\Object_Radio.cpp">
      <Filter>General\Entities\Items</Filter>
    </ClCompile>
    <ClCompile Include="Source\Object_DefaultGun.cpp">
      <Filter>General\Entities\Items</Filter>
    </ClCompile>
    <ClCompile Include="Source\Object_LongScopeGun.cpp">
      <Filter>General\Entities\Items</Filter>
    </ClCompile>
    <ClCompile Include="Source\Object_ShortScopeGun.cpp">
      <Filter>General\Entities\Items</Filter>
    </ClCompile>
    <ClCompile Include="Source\Final_Boss.cpp">
      <Filter>General\Entities\Enemies</Filter>
    </ClCompile>
    <ClCompile Include="Source\SceneMotel.cpp">
      <Filter>General\Scenes and Maps\Maps</Filter>
    </ClCompile>
    <ClCompile Include="Source\QuestManager.cpp">
      <Filter>General\Quests</Filter>
    </ClCompile>
    <ClCompile Include="Source\Map.cpp">
      <Filter>General\Scenes and Maps\Maps</Filter>
    </ClCompile>
  </ItemGroup>
  <ItemGroup>
    <ClInclude Include="Source\Defs.h">
      <Filter>Utils</Filter>
    </ClInclude>
    <ClInclude Include="Source\DynArray.h">
      <Filter>Utils</Filter>
    </ClInclude>
    <ClInclude Include="Source\List.h">
      <Filter>Utils</Filter>
    </ClInclude>
    <ClInclude Include="Source\Log.h">
      <Filter>Utils</Filter>
    </ClInclude>
    <ClInclude Include="Source\Point.h">
      <Filter>Utils</Filter>
    </ClInclude>
    <ClInclude Include="Source\SString.h">
      <Filter>Utils</Filter>
    </ClInclude>
    <ClInclude Include="Source\External\PugiXml\src\pugiconfig.hpp">
      <Filter>External\PugiXml</Filter>
    </ClInclude>
    <ClInclude Include="Source\External\PugiXml\src\pugixml.hpp">
      <Filter>External\PugiXml</Filter>
    </ClInclude>
    <ClInclude Include="Source\PerfTimer.h">
      <Filter>Utils</Filter>
    </ClInclude>
    <ClInclude Include="Source\PQueue.h">
      <Filter>Utils</Filter>
    </ClInclude>
    <ClInclude Include="Source\Queue.h">
      <Filter>Utils</Filter>
    </ClInclude>
    <ClInclude Include="Source\Timer.h">
      <Filter>Utils</Filter>
    </ClInclude>
    <ClInclude Include="Source\Window.h">
      <Filter>General</Filter>
    </ClInclude>
    <ClInclude Include="Source\Textures.h">
      <Filter>General</Filter>
    </ClInclude>
    <ClInclude Include="Source\Render.h">
      <Filter>General</Filter>
    </ClInclude>
    <ClInclude Include="Source\Module.h">
      <Filter>General</Filter>
    </ClInclude>
    <ClInclude Include="Source\Input.h">
      <Filter>General</Filter>
    </ClInclude>
    <ClInclude Include="Source\Audio.h">
      <Filter>General</Filter>
    </ClInclude>
    <ClInclude Include="Source\App.h">
      <Filter>General</Filter>
    </ClInclude>
    <ClInclude Include="Source\Particle.h">
      <Filter>Utils</Filter>
    </ClInclude>
    <ClInclude Include="Source\GuiControl.h">
      <Filter>General</Filter>
    </ClInclude>
    <ClInclude Include="Source\GuiManager.h">
      <Filter>General</Filter>
    </ClInclude>
    <ClInclude Include="Source\GuiButton.h">
      <Filter>General</Filter>
    </ClInclude>
    <ClInclude Include="Source\GuiCheckbox.h">
      <Filter>General</Filter>
    </ClInclude>
    <ClInclude Include="Source\GuiSlider.h">
      <Filter>General</Filter>
    </ClInclude>
    <ClInclude Include="Source\EntityManager.h">
      <Filter>General\Entities</Filter>
    </ClInclude>
    <ClInclude Include="Source\Entity.h">
      <Filter>General\Entities</Filter>
    </ClInclude>
    <ClInclude Include="Source\Animation.h">
      <Filter>General</Filter>
    </ClInclude>
    <ClInclude Include="Source\Collider.h">
      <Filter>General</Filter>
    </ClInclude>
    <ClInclude Include="Source\ModuleCollisions.h">
      <Filter>General</Filter>
    </ClInclude>
    <ClInclude Include="Source\ModuleFadeToBlack.h">
      <Filter>General</Filter>
    </ClInclude>
    <ClInclude Include="Source\ModuleFonts.h">
      <Filter>General</Filter>
    </ClInclude>
    <ClInclude Include="Source\ModuleParticles.h">
      <Filter>General</Filter>
    </ClInclude>
    <ClInclude Include="Source\ModulePhysics.h">
      <Filter>General</Filter>
    </ClInclude>
    <ClInclude Include="Source\Pathfinding.h">
      <Filter>General</Filter>
    </ClInclude>
    <ClInclude Include="Source\GamepadInput.h">
      <Filter>General</Filter>
    </ClInclude>
    <ClInclude Include="Source\GameManager.h">
      <Filter>General</Filter>
    </ClInclude>
    <ClInclude Include="Source\Zombie_Standart.h">
      <Filter>General\Entities\Enemies</Filter>
    </ClInclude>
    <ClInclude Include="Source\NPCs.h">
      <Filter>General\Entities\NPCS</Filter>
    </ClInclude>
    <ClInclude Include="Source\Dialog.h">
      <Filter>General</Filter>
    </ClInclude>
    <ClInclude Include="Source\DialogNode.h">
      <Filter>General</Filter>
    </ClInclude>
    <ClInclude Include="Source\Zombie_Runner.h">
      <Filter>General\Entities\Enemies</Filter>
    </ClInclude>
    <ClInclude Include="Source\Zombie_Spitter.h">
      <Filter>General\Entities\Enemies</Filter>
    </ClInclude>
    <ClInclude Include="Source\DialogManager.h">
      <Filter>General\Dialog</Filter>
    </ClInclude>
    <ClInclude Include="Source\NPCs2.h">
      <Filter>General\Entities\NPCS</Filter>
    </ClInclude>
    <ClInclude Include="Source\NPCs3.h">
      <Filter>General\Entities\NPCS</Filter>
    </ClInclude>
    <ClInclude Include="Source\NPCs4.h">
      <Filter>General\Entities\NPCS</Filter>
    </ClInclude>
    <ClInclude Include="Source\Object_Food.h">
      <Filter>General\Entities\Items</Filter>
    </ClInclude>
    <ClInclude Include="Source\Object_HealthPack.h">
      <Filter>General\Entities\Items</Filter>
    </ClInclude>
    <ClInclude Include="Source\CombatMenu.h">
      <Filter>General\Menus</Filter>
    </ClInclude>
    <ClInclude Include="Source\InventoryMenu.h">
      <Filter>General\Menus</Filter>
    </ClInclude>
    <ClInclude Include="Source\PauseMenu.h">
      <Filter>General\Menus</Filter>
    </ClInclude>
    <ClInclude Include="Source\CreditsScreen.h">
      <Filter>General\Scenes and Maps\Scenes</Filter>
    </ClInclude>
    <ClInclude Include="Source\LogoScreen.h">
      <Filter>General\Scenes and Maps\Scenes</Filter>
    </ClInclude>
    <ClInclude Include="Source\SceneMainMap.h">
      <Filter>General\Scenes and Maps\Maps</Filter>
    </ClInclude>
    <ClInclude Include="Source\SceneCave.h">
      <Filter>General\Scenes and Maps\Maps</Filter>
    </ClInclude>
    <ClInclude Include="Source\SceneBase.h">
      <Filter>General\Scenes and Maps\Maps</Filter>
    </ClInclude>
    <ClInclude Include="Source\TitleScreen.h">
      <Filter>General\Scenes and Maps\Scenes</Filter>
    </ClInclude>
    <ClInclude Include="Source\ModulePlayer.h">
      <Filter>General\Entities\Player</Filter>
    </ClInclude>
    <ClInclude Include="Source\Object_Radio.h">
      <Filter>General\Entities\Items</Filter>
    </ClInclude>
    <ClInclude Include="Source\Object_DefaultGun.h">
      <Filter>General\Entities\Items</Filter>
    </ClInclude>
    <ClInclude Include="Source\Object_LongScopeGun.h">
      <Filter>General\Entities\Items</Filter>
    </ClInclude>
    <ClInclude Include="Source\Object_ShortScopeGun.h">
      <Filter>General\Entities\Items</Filter>
    </ClInclude>
    <ClInclude Include="Source\Final_Boss.h">
      <Filter>General\Entities\Enemies</Filter>
    </ClInclude>
    <ClInclude Include="Source\SceneMotel.h">
      <Filter>General\Scenes and Maps\Maps</Filter>
    </ClInclude>
    <ClInclude Include="Source\QuestManager.h">
      <Filter>General\Quests</Filter>
    </ClInclude>
    <ClInclude Include="Source\Map.h">
      <Filter>General\Scenes and Maps\Maps</Filter>
    </ClInclude>
  </ItemGroup>
  <ItemGroup>
    <Filter Include="External">
      <UniqueIdentifier>{83a966c7-b4bb-4eff-9c2c-3ff3c7b55a60}</UniqueIdentifier>
    </Filter>
    <Filter Include="Utils">
      <UniqueIdentifier>{2cad778a-d356-48b0-9fee-587f1bbb187e}</UniqueIdentifier>
    </Filter>
    <Filter Include="External\PugiXml">
      <UniqueIdentifier>{2855ff7f-53a1-413d-a75b-18b4ade921dd}</UniqueIdentifier>
    </Filter>
    <Filter Include="General">
      <UniqueIdentifier>{da383c87-f81b-40c1-9d7c-f3857ba48893}</UniqueIdentifier>
    </Filter>
    <Filter Include="General\Entities">
      <UniqueIdentifier>{97e41b52-858c-4ca0-b9cd-4e56a8881753}</UniqueIdentifier>
    </Filter>
    <Filter Include="General\Entities\Enemies">
      <UniqueIdentifier>{8503e113-6157-448e-9fe7-5fb1a4582d98}</UniqueIdentifier>
    </Filter>
    <Filter Include="General\Entities\NPCS">
      <UniqueIdentifier>{f2fa24a6-6710-4049-8200-0367cf4f6382}</UniqueIdentifier>
    </Filter>
    <Filter Include="General\Dialog">
      <UniqueIdentifier>{bded6ef0-721b-48ca-95eb-a3a3691cfb38}</UniqueIdentifier>
    </Filter>
    <Filter Include="General\Entities\Items">
      <UniqueIdentifier>{19a2a573-8641-4501-b688-fe226a809291}</UniqueIdentifier>
    </Filter>
    <Filter Include="General\Menus">
      <UniqueIdentifier>{e9e61ef5-be67-4d23-83c8-1f79bb08b720}</UniqueIdentifier>
    </Filter>
    <Filter Include="General\Scenes and Maps">
      <UniqueIdentifier>{060736ee-e3e8-4518-abe5-95aab18319e7}</UniqueIdentifier>
    </Filter>
    <Filter Include="General\Scenes and Maps\Scenes">
      <UniqueIdentifier>{e4a8c614-4b42-49c3-bfa8-551b9d30af27}</UniqueIdentifier>
    </Filter>
    <Filter Include="General\Scenes and Maps\Maps">
      <UniqueIdentifier>{62a17fc2-4ede-4afa-bf50-89bd7303120a}</UniqueIdentifier>
    </Filter>
    <Filter Include="General\Entities\Player">
      <UniqueIdentifier>{b2f5a6a6-3471-4e71-ae92-e9538eac4d91}</UniqueIdentifier>
    </Filter>
    <Filter Include="General\Quests">
      <UniqueIdentifier>{7af92d0d-0105-4bd6-9f30-c85b2d07bf22}</UniqueIdentifier>
    </Filter>
  </ItemGroup>
</Project>