<?xml version="1.0" encoding="utf-8"?>
<Project ToolsVersion="4.0" xmlns="http://schemas.microsoft.com/developer/msbuild/2003">
  <ItemGroup>
    <ClCompile Include="Source\Log.cpp">
      <Filter>Utils</Filter>
    </ClCompile>
    <ClCompile Include="Source\External\PugiXml\src\pugixml.cpp">
      <Filter>External\PugiXml</Filter>
    </ClCompile>
    <ClCompile Include="Source\Timer.cpp">
      <Filter>Utils</Filter>
    </ClCompile>
    <ClCompile Include="Source\PerfTimer.cpp">
      <Filter>Utils</Filter>
    </ClCompile>
    <ClCompile Include="Source\Window.cpp">
      <Filter>General</Filter>
    </ClCompile>
    <ClCompile Include="Source\TitleScreen.cpp">
      <Filter>General</Filter>
    </ClCompile>
    <ClCompile Include="Source\Textures.cpp">
      <Filter>General</Filter>
    </ClCompile>
    <ClCompile Include="Source\Render.cpp">
      <Filter>General</Filter>
    </ClCompile>
    <ClCompile Include="Source\Map.cpp">
      <Filter>General</Filter>
    </ClCompile>
    <ClCompile Include="Source\Main.cpp">
      <Filter>General</Filter>
    </ClCompile>
    <ClCompile Include="Source\Input.cpp">
      <Filter>General</Filter>
    </ClCompile>
    <ClCompile Include="Source\Audio.cpp">
      <Filter>General</Filter>
    </ClCompile>
    <ClCompile Include="Source\App.cpp">
      <Filter>General</Filter>
    </ClCompile>
    <ClCompile Include="Source\SceneCave.cpp">
      <Filter>General</Filter>
    </ClCompile>
    <ClCompile Include="Source\SceneMainMap.cpp">
      <Filter>General</Filter>
    </ClCompile>
    <ClCompile Include="Source\Particle.cpp">
      <Filter>Utils</Filter>
    </ClCompile>
    <ClCompile Include="Source\GuiManager.cpp">
      <Filter>General</Filter>
    </ClCompile>
    <ClCompile Include="Source\GuiButton.cpp">
      <Filter>General</Filter>
    </ClCompile>
    <ClCompile Include="Source\GuiCheckbox.cpp">
      <Filter>General</Filter>
    </ClCompile>
    <ClCompile Include="Source\GuiSlider.cpp">
      <Filter>General</Filter>
    </ClCompile>
    <ClCompile Include="Source\PauseMenu.cpp">
      <Filter>General</Filter>
    </ClCompile>
    <ClCompile Include="Source\EntityManager.cpp">
      <Filter>General\Entities</Filter>
    </ClCompile>
    <ClCompile Include="Source\Entity.cpp">
      <Filter>General\Entities</Filter>
    </ClCompile>
    <ClCompile Include="Source\Collider.cpp">
      <Filter>General</Filter>
    </ClCompile>
    <ClCompile Include="Source\ModuleCollisions.cpp">
      <Filter>General</Filter>
    </ClCompile>
    <ClCompile Include="Source\ModuleFadeToBlack.cpp">
      <Filter>General</Filter>
    </ClCompile>
    <ClCompile Include="Source\ModuleFonts.cpp">
      <Filter>General</Filter>
    </ClCompile>
    <ClCompile Include="Source\ModuleParticles.cpp">
      <Filter>General</Filter>
    </ClCompile>
    <ClCompile Include="Source\ModulePhysics.cpp">
      <Filter>General</Filter>
    </ClCompile>
    <ClCompile Include="Source\ModulePlayer.cpp">
      <Filter>General</Filter>
    </ClCompile>
    <ClCompile Include="Source\Pathfinding.cpp">
      <Filter>General</Filter>
    </ClCompile>
    <ClCompile Include="Source\LogoScreen.cpp">
      <Filter>General</Filter>
    </ClCompile>
    <ClCompile Include="Source\GamepadInput.cpp">
      <Filter>General</Filter>
    </ClCompile>
    <ClCompile Include="Source\GameManager.cpp">
      <Filter>General</Filter>
    </ClCompile>
    <ClCompile Include="Source\Zombie_Standart.cpp">
      <Filter>General\Entities\Enemies</Filter>
    </ClCompile>
    <ClCompile Include="Source\NPCs.cpp">
      <Filter>General\Entities\NPCS</Filter>
    </ClCompile>
    <ClCompile Include="Source\Dialog.cpp">
      <Filter>General</Filter>
    </ClCompile>
    <ClCompile Include="Source\DialogNode.cpp">
      <Filter>General</Filter>
    </ClCompile>
    <ClCompile Include="Source\Zombie_Runner.cpp">
      <Filter>General\Entities\Enemies</Filter>
    </ClCompile>
    <ClCompile Include="Source\Zombie_Spitter.cpp">
      <Filter>General\Entities\Enemies</Filter>
    </ClCompile>
    <ClCompile Include="Source\DialogManager.cpp">
      <Filter>General\Dialog</Filter>
    </ClCompile>
    <ClCompile Include="Source\NPCs2.cpp">
      <Filter>General\Entities\NPCS</Filter>
    </ClCompile>
    <ClCompile Include="Source\NPCs3.cpp">
      <Filter>General\Entities\NPCS</Filter>
    </ClCompile>
    <ClCompile Include="Source\NPCs4.cpp">
      <Filter>General\Entities\NPCS</Filter>
    </ClCompile>
    <ClCompile Include="Source\CombatMenu.cpp">
      <Filter>General</Filter>
    </ClCompile>
    <ClCompile Include="Source\SceneBase.cpp">
      <Filter>General</Filter>
    </ClCompile>
    <ClCompile Include="Source\CreditsScreen.cpp">
      <Filter>General</Filter>
    </ClCompile>
    <ClCompile Include="Source\InventoryScreen.cpp">
      <Filter>General</Filter>
    </ClCompile>
  </ItemGroup>
  <ItemGroup>
    <ClInclude Include="Source\Defs.h">
      <Filter>Utils</Filter>
    </ClInclude>
    <ClInclude Include="Source\DynArray.h">
      <Filter>Utils</Filter>
    </ClInclude>
    <ClInclude Include="Source\List.h">
      <Filter>Utils</Filter>
    </ClInclude>
    <ClInclude Include="Source\Log.h">
      <Filter>Utils</Filter>
    </ClInclude>
    <ClInclude Include="Source\Point.h">
      <Filter>Utils</Filter>
    </ClInclude>
    <ClInclude Include="Source\SString.h">
      <Filter>Utils</Filter>
    </ClInclude>
    <ClInclude Include="Source\External\PugiXml\src\pugiconfig.hpp">
      <Filter>External\PugiXml</Filter>
    </ClInclude>
    <ClInclude Include="Source\External\PugiXml\src\pugixml.hpp">
      <Filter>External\PugiXml</Filter>
    </ClInclude>
    <ClInclude Include="Source\PerfTimer.h">
      <Filter>Utils</Filter>
    </ClInclude>
    <ClInclude Include="Source\PQueue.h">
      <Filter>Utils</Filter>
    </ClInclude>
    <ClInclude Include="Source\Queue.h">
      <Filter>Utils</Filter>
    </ClInclude>
    <ClInclude Include="Source\Timer.h">
      <Filter>Utils</Filter>
    </ClInclude>
    <ClInclude Include="Source\Window.h">
      <Filter>General</Filter>
    </ClInclude>
    <ClInclude Include="Source\TitleScreen.h">
      <Filter>General</Filter>
    </ClInclude>
    <ClInclude Include="Source\Textures.h">
      <Filter>General</Filter>
    </ClInclude>
    <ClInclude Include="Source\Render.h">
      <Filter>General</Filter>
    </ClInclude>
    <ClInclude Include="Source\Module.h">
      <Filter>General</Filter>
    </ClInclude>
    <ClInclude Include="Source\Map.h">
      <Filter>General</Filter>
    </ClInclude>
    <ClInclude Include="Source\Input.h">
      <Filter>General</Filter>
    </ClInclude>
    <ClInclude Include="Source\Audio.h">
      <Filter>General</Filter>
    </ClInclude>
    <ClInclude Include="Source\App.h">
      <Filter>General</Filter>
    </ClInclude>
    <ClInclude Include="Source\SceneCave.h">
      <Filter>General</Filter>
    </ClInclude>
    <ClInclude Include="Source\SceneMainMap.h">
      <Filter>General</Filter>
    </ClInclude>
    <ClInclude Include="Source\Particle.h">
      <Filter>Utils</Filter>
    </ClInclude>
    <ClInclude Include="Source\GuiControl.h">
      <Filter>General</Filter>
    </ClInclude>
    <ClInclude Include="Source\GuiManager.h">
      <Filter>General</Filter>
    </ClInclude>
    <ClInclude Include="Source\GuiButton.h">
      <Filter>General</Filter>
    </ClInclude>
    <ClInclude Include="Source\GuiCheckbox.h">
      <Filter>General</Filter>
    </ClInclude>
    <ClInclude Include="Source\GuiSlider.h">
      <Filter>General</Filter>
    </ClInclude>
    <ClInclude Include="Source\PauseMenu.h">
      <Filter>General</Filter>
    </ClInclude>
    <ClInclude Include="Source\EntityManager.h">
      <Filter>General\Entities</Filter>
    </ClInclude>
    <ClInclude Include="Source\Entity.h">
      <Filter>General\Entities</Filter>
    </ClInclude>
    <ClInclude Include="Source\Animation.h">
      <Filter>General</Filter>
    </ClInclude>
    <ClInclude Include="Source\Collider.h">
      <Filter>General</Filter>
    </ClInclude>
    <ClInclude Include="Source\ModuleCollisions.h">
      <Filter>General</Filter>
    </ClInclude>
    <ClInclude Include="Source\ModuleFadeToBlack.h">
      <Filter>General</Filter>
    </ClInclude>
    <ClInclude Include="Source\ModuleFonts.h">
      <Filter>General</Filter>
    </ClInclude>
    <ClInclude Include="Source\ModuleParticles.h">
      <Filter>General</Filter>
    </ClInclude>
    <ClInclude Include="Source\ModulePhysics.h">
      <Filter>General</Filter>
    </ClInclude>
    <ClInclude Include="Source\ModulePlayer.h">
      <Filter>General</Filter>
    </ClInclude>
    <ClInclude Include="Source\Pathfinding.h">
      <Filter>General</Filter>
    </ClInclude>
    <ClInclude Include="Source\LogoScreen.h">
      <Filter>General</Filter>
    </ClInclude>
    <ClInclude Include="Source\GamepadInput.h">
      <Filter>General</Filter>
    </ClInclude>
    <ClInclude Include="Source\GameManager.h">
      <Filter>General</Filter>
    </ClInclude>
    <ClInclude Include="Source\Zombie_Standart.h">
      <Filter>General\Entities\Enemies</Filter>
    </ClInclude>
    <ClInclude Include="Source\NPCs.h">
      <Filter>General\Entities\NPCS</Filter>
    </ClInclude>
    <ClInclude Include="Source\Dialog.h">
      <Filter>General</Filter>
    </ClInclude>
    <ClInclude Include="Source\DialogNode.h">
      <Filter>General</Filter>
    </ClInclude>
    <ClInclude Include="Source\Zombie_Runner.h">
      <Filter>General\Entities\Enemies</Filter>
    </ClInclude>
    <ClInclude Include="Source\Zombie_Spitter.h">
      <Filter>General\Entities\Enemies</Filter>
    </ClInclude>
    <ClInclude Include="Source\DialogManager.h">
      <Filter>General\Dialog</Filter>
    </ClInclude>
    <ClInclude Include="Source\NPCs2.h">
      <Filter>General\Entities\NPCS</Filter>
    </ClInclude>
    <ClInclude Include="Source\NPCs3.h">
      <Filter>General\Entities\NPCS</Filter>
    </ClInclude>
    <ClInclude Include="Source\NPCs4.h">
      <Filter>General\Entities\NPCS</Filter>
    </ClInclude>
    <ClInclude Include="Source\CombatMenu.h">
      <Filter>General</Filter>
    </ClInclude>
    <ClInclude Include="Source\SceneBase.h">
      <Filter>General</Filter>
    </ClInclude>
    <ClInclude Include="Source\CreditsScreen.h">
      <Filter>General</Filter>
    </ClInclude>
    <ClInclude Include="Source\InventoryScreen.h">
      <Filter>General</Filter>
    </ClInclude>
  </ItemGroup>
  <ItemGroup>
    <Filter Include="External">
      <UniqueIdentifier>{83a966c7-b4bb-4eff-9c2c-3ff3c7b55a60}</UniqueIdentifier>
    </Filter>
    <Filter Include="Utils">
      <UniqueIdentifier>{2cad778a-d356-48b0-9fee-587f1bbb187e}</UniqueIdentifier>
    </Filter>
    <Filter Include="External\PugiXml">
      <UniqueIdentifier>{2855ff7f-53a1-413d-a75b-18b4ade921dd}</UniqueIdentifier>
    </Filter>
    <Filter Include="General">
      <UniqueIdentifier>{da383c87-f81b-40c1-9d7c-f3857ba48893}</UniqueIdentifier>
    </Filter>
    <Filter Include="General\Entities">
      <UniqueIdentifier>{97e41b52-858c-4ca0-b9cd-4e56a8881753}</UniqueIdentifier>
    </Filter>
    <Filter Include="General\Entities\Enemies">
      <UniqueIdentifier>{8503e113-6157-448e-9fe7-5fb1a4582d98}</UniqueIdentifier>
    </Filter>
    <Filter Include="General\Entities\NPCS">
      <UniqueIdentifier>{f2fa24a6-6710-4049-8200-0367cf4f6382}</UniqueIdentifier>
    </Filter>
    <Filter Include="General\Dialog">
      <UniqueIdentifier>{bded6ef0-721b-48ca-95eb-a3a3691cfb38}</UniqueIdentifier>
    </Filter>
  </ItemGroup>
</Project>